
Microsoft Visual Studio Solution File, Format Version 12.00
# Visual Studio Version 16
VisualStudioVersion = 16.0.29911.84
MinimumVisualStudioVersion = 10.0.40219.1
Project("{FAE04EC0-301F-11D3-BF4B-00C04F79EFBC}") = "FYTT", "FYTT\FYTT.csproj", "{1DE6E02B-AB5F-4EA3-9775-37F663E1A4D0}"
EndProject
Global
	GlobalSection(SolutionConfigurationPlatforms) = preSolution
		Debug|Any CPU = Debug|Any CPU
		Release|Any CPU = Release|Any CPU
	EndGlobalSection
	GlobalSection(ProjectConfigurationPlatforms) = postSolution
		{1DE6E02B-AB5F-4EA3-9775-37F663E1A4D0}.Debug|Any CPU.ActiveCfg = Debug|Any CPU
		{1DE6E02B-AB5F-4EA3-9775-37F663E1A4D0}.Debug|Any CPU.Build.0 = Debug|Any CPU
		{1DE6E02B-AB5F-4EA3-9775-37F663E1A4D0}.Release|Any CPU.ActiveCfg = Release|Any CPU
		{1DE6E02B-AB5F-4EA3-9775-37F663E1A4D0}.Release|Any CPU.Build.0 = Release|Any CPU
	EndGlobalSection
	GlobalSection(SolutionProperties) = preSolution
		HideSolutionNode = FALSE
	EndGlobalSection
	GlobalSection(ExtensibilityGlobals) = postSolution
		SolutionGuid = {F511E721-6929-41B9-8C94-F85563B0E8D8}
	EndGlobalSection
EndGlobal
